
Microsoft Visual Studio Solution File, Format Version 12.00
# Visual Studio Version 16
VisualStudioVersion = 16.0.30114.105
MinimumVisualStudioVersion = 10.0.40219.1
Project("{FAE04EC0-301F-11D3-BF4B-00C04F79EFBC}") = "IdentityServer", "IdentityServer\IdentityServer.csproj", "{078B8C40-3BFF-40AD-BC38-8B4A8BBF7A96}"
EndProject
Project("{FAE04EC0-301F-11D3-BF4B-00C04F79EFBC}") = "MyApi", "MyApi\MyApi.csproj", "{28D751DD-F9C8-4C61-A88F-6C69C4D8E573}"
EndProject
Global
	GlobalSection(SolutionConfigurationPlatforms) = preSolution
		Debug|Any CPU = Debug|Any CPU
		Release|Any CPU = Release|Any CPU
	EndGlobalSection
	GlobalSection(SolutionProperties) = preSolution
		HideSolutionNode = FALSE
	EndGlobalSection
	GlobalSection(ProjectConfigurationPlatforms) = postSolution
		{078B8C40-3BFF-40AD-BC38-8B4A8BBF7A96}.Debug|Any CPU.ActiveCfg = Debug|Any CPU
		{078B8C40-3BFF-40AD-BC38-8B4A8BBF7A96}.Debug|Any CPU.Build.0 = Debug|Any CPU
		{078B8C40-3BFF-40AD-BC38-8B4A8BBF7A96}.Release|Any CPU.ActiveCfg = Release|Any CPU
		{078B8C40-3BFF-40AD-BC38-8B4A8BBF7A96}.Release|Any CPU.Build.0 = Release|Any CPU
		{28D751DD-F9C8-4C61-A88F-6C69C4D8E573}.Debug|Any CPU.ActiveCfg = Debug|Any CPU
		{28D751DD-F9C8-4C61-A88F-6C69C4D8E573}.Debug|Any CPU.Build.0 = Debug|Any CPU
		{28D751DD-F9C8-4C61-A88F-6C69C4D8E573}.Release|Any CPU.ActiveCfg = Release|Any CPU
		{28D751DD-F9C8-4C61-A88F-6C69C4D8E573}.Release|Any CPU.Build.0 = Release|Any CPU
	EndGlobalSection
EndGlobal
