
Microsoft Visual Studio Solution File, Format Version 12.00
# Visual Studio 15
VisualStudioVersion = 15.0.26124.0
MinimumVisualStudioVersion = 15.0.26124.0
Project("{2150E333-8FDC-42A3-9474-1A3956D46DE8}") = "src", "src", "{97BF940C-A7EA-4CB1-8786-168CA4708F8F}"
EndProject
Project("{FAE04EC0-301F-11D3-BF4B-00C04F79EFBC}") = "SkorubaIS4.Admin", "src\SkorubaIS4.Admin\SkorubaIS4.Admin.csproj", "{E7F31AC9-1D9E-4358-AC48-2BECD1B3C73A}"
EndProject
Project("{FAE04EC0-301F-11D3-BF4B-00C04F79EFBC}") = "SkorubaIS4.STS.Identity", "src\SkorubaIS4.STS.Identity\SkorubaIS4.STS.Identity.csproj", "{21C088E6-3CFD-479D-AFDE-A6792E83399F}"
EndProject
Project("{FAE04EC0-301F-11D3-BF4B-00C04F79EFBC}") = "SkorubaIS4.Admin.Api", "src\SkorubaIS4.Admin.Api\SkorubaIS4.Admin.Api.csproj", "{9C498372-50A4-4C06-A465-2C8ECF7A1396}"
EndProject
Project("{FAE04EC0-301F-11D3-BF4B-00C04F79EFBC}") = "SkorubaIS4.Admin.EntityFramework.Shared", "src\SkorubaIS4.Admin.EntityFramework.Shared\SkorubaIS4.Admin.EntityFramework.Shared.csproj", "{B5A6F907-FDE1-4E90-9165-456EA4FC1372}"
EndProject
Project("{FAE04EC0-301F-11D3-BF4B-00C04F79EFBC}") = "SkorubaIS4.Admin.EntityFramework.MySql", "src\SkorubaIS4.Admin.EntityFramework.MySql\SkorubaIS4.Admin.EntityFramework.MySql.csproj", "{B4BE31EC-F3D8-47D7-BF97-19A2A0892572}"
EndProject
Project("{FAE04EC0-301F-11D3-BF4B-00C04F79EFBC}") = "SkorubaIS4.Admin.EntityFramework.PostgreSQL", "src\SkorubaIS4.Admin.EntityFramework.PostgreSQL\SkorubaIS4.Admin.EntityFramework.PostgreSQL.csproj", "{3601DFB8-C9D0-4638-AE2C-2E650B3A0407}"
EndProject
Project("{FAE04EC0-301F-11D3-BF4B-00C04F79EFBC}") = "SkorubaIS4.Admin.EntityFramework.SqlServer", "src\SkorubaIS4.Admin.EntityFramework.SqlServer\SkorubaIS4.Admin.EntityFramework.SqlServer.csproj", "{1D01E39B-AEED-40C5-B38F-81FBD34BE889}"
EndProject
Project("{FAE04EC0-301F-11D3-BF4B-00C04F79EFBC}") = "SkorubaIS4.Shared", "src\SkorubaIS4.Shared\SkorubaIS4.Shared.csproj", "{CDEFCA46-9691-48FF-96B9-4AE79B26A356}"
EndProject
Global
	GlobalSection(SolutionConfigurationPlatforms) = preSolution
		Debug|Any CPU = Debug|Any CPU
		Debug|x64 = Debug|x64
		Debug|x86 = Debug|x86
		Release|Any CPU = Release|Any CPU
		Release|x64 = Release|x64
		Release|x86 = Release|x86
	EndGlobalSection
	GlobalSection(SolutionProperties) = preSolution
		HideSolutionNode = FALSE
	EndGlobalSection
	GlobalSection(ProjectConfigurationPlatforms) = postSolution
		{E7F31AC9-1D9E-4358-AC48-2BECD1B3C73A}.Debug|Any CPU.ActiveCfg = Debug|Any CPU
		{E7F31AC9-1D9E-4358-AC48-2BECD1B3C73A}.Debug|Any CPU.Build.0 = Debug|Any CPU
		{E7F31AC9-1D9E-4358-AC48-2BECD1B3C73A}.Debug|x64.ActiveCfg = Debug|Any CPU
		{E7F31AC9-1D9E-4358-AC48-2BECD1B3C73A}.Debug|x64.Build.0 = Debug|Any CPU
		{E7F31AC9-1D9E-4358-AC48-2BECD1B3C73A}.Debug|x86.ActiveCfg = Debug|Any CPU
		{E7F31AC9-1D9E-4358-AC48-2BECD1B3C73A}.Debug|x86.Build.0 = Debug|Any CPU
		{E7F31AC9-1D9E-4358-AC48-2BECD1B3C73A}.Release|Any CPU.ActiveCfg = Release|Any CPU
		{E7F31AC9-1D9E-4358-AC48-2BECD1B3C73A}.Release|Any CPU.Build.0 = Release|Any CPU
		{E7F31AC9-1D9E-4358-AC48-2BECD1B3C73A}.Release|x64.ActiveCfg = Release|Any CPU
		{E7F31AC9-1D9E-4358-AC48-2BECD1B3C73A}.Release|x64.Build.0 = Release|Any CPU
		{E7F31AC9-1D9E-4358-AC48-2BECD1B3C73A}.Release|x86.ActiveCfg = Release|Any CPU
		{E7F31AC9-1D9E-4358-AC48-2BECD1B3C73A}.Release|x86.Build.0 = Release|Any CPU
		{21C088E6-3CFD-479D-AFDE-A6792E83399F}.Debug|Any CPU.ActiveCfg = Debug|Any CPU
		{21C088E6-3CFD-479D-AFDE-A6792E83399F}.Debug|Any CPU.Build.0 = Debug|Any CPU
		{21C088E6-3CFD-479D-AFDE-A6792E83399F}.Debug|x64.ActiveCfg = Debug|Any CPU
		{21C088E6-3CFD-479D-AFDE-A6792E83399F}.Debug|x64.Build.0 = Debug|Any CPU
		{21C088E6-3CFD-479D-AFDE-A6792E83399F}.Debug|x86.ActiveCfg = Debug|Any CPU
		{21C088E6-3CFD-479D-AFDE-A6792E83399F}.Debug|x86.Build.0 = Debug|Any CPU
		{21C088E6-3CFD-479D-AFDE-A6792E83399F}.Release|Any CPU.ActiveCfg = Release|Any CPU
		{21C088E6-3CFD-479D-AFDE-A6792E83399F}.Release|Any CPU.Build.0 = Release|Any CPU
		{21C088E6-3CFD-479D-AFDE-A6792E83399F}.Release|x64.ActiveCfg = Release|Any CPU
		{21C088E6-3CFD-479D-AFDE-A6792E83399F}.Release|x64.Build.0 = Release|Any CPU
		{21C088E6-3CFD-479D-AFDE-A6792E83399F}.Release|x86.ActiveCfg = Release|Any CPU
		{21C088E6-3CFD-479D-AFDE-A6792E83399F}.Release|x86.Build.0 = Release|Any CPU
		{9C498372-50A4-4C06-A465-2C8ECF7A1396}.Debug|Any CPU.ActiveCfg = Debug|Any CPU
		{9C498372-50A4-4C06-A465-2C8ECF7A1396}.Debug|Any CPU.Build.0 = Debug|Any CPU
		{9C498372-50A4-4C06-A465-2C8ECF7A1396}.Debug|x64.ActiveCfg = Debug|Any CPU
		{9C498372-50A4-4C06-A465-2C8ECF7A1396}.Debug|x64.Build.0 = Debug|Any CPU
		{9C498372-50A4-4C06-A465-2C8ECF7A1396}.Debug|x86.ActiveCfg = Debug|Any CPU
		{9C498372-50A4-4C06-A465-2C8ECF7A1396}.Debug|x86.Build.0 = Debug|Any CPU
		{9C498372-50A4-4C06-A465-2C8ECF7A1396}.Release|Any CPU.ActiveCfg = Release|Any CPU
		{9C498372-50A4-4C06-A465-2C8ECF7A1396}.Release|Any CPU.Build.0 = Release|Any CPU
		{9C498372-50A4-4C06-A465-2C8ECF7A1396}.Release|x64.ActiveCfg = Release|Any CPU
		{9C498372-50A4-4C06-A465-2C8ECF7A1396}.Release|x64.Build.0 = Release|Any CPU
		{9C498372-50A4-4C06-A465-2C8ECF7A1396}.Release|x86.ActiveCfg = Release|Any CPU
		{9C498372-50A4-4C06-A465-2C8ECF7A1396}.Release|x86.Build.0 = Release|Any CPU
		{B5A6F907-FDE1-4E90-9165-456EA4FC1372}.Debug|Any CPU.ActiveCfg = Debug|Any CPU
		{B5A6F907-FDE1-4E90-9165-456EA4FC1372}.Debug|Any CPU.Build.0 = Debug|Any CPU
		{B5A6F907-FDE1-4E90-9165-456EA4FC1372}.Debug|x64.ActiveCfg = Debug|Any CPU
		{B5A6F907-FDE1-4E90-9165-456EA4FC1372}.Debug|x64.Build.0 = Debug|Any CPU
		{B5A6F907-FDE1-4E90-9165-456EA4FC1372}.Debug|x86.ActiveCfg = Debug|Any CPU
		{B5A6F907-FDE1-4E90-9165-456EA4FC1372}.Debug|x86.Build.0 = Debug|Any CPU
		{B5A6F907-FDE1-4E90-9165-456EA4FC1372}.Release|Any CPU.ActiveCfg = Release|Any CPU
		{B5A6F907-FDE1-4E90-9165-456EA4FC1372}.Release|Any CPU.Build.0 = Release|Any CPU
		{B5A6F907-FDE1-4E90-9165-456EA4FC1372}.Release|x64.ActiveCfg = Release|Any CPU
		{B5A6F907-FDE1-4E90-9165-456EA4FC1372}.Release|x64.Build.0 = Release|Any CPU
		{B5A6F907-FDE1-4E90-9165-456EA4FC1372}.Release|x86.ActiveCfg = Release|Any CPU
		{B5A6F907-FDE1-4E90-9165-456EA4FC1372}.Release|x86.Build.0 = Release|Any CPU
		{B4BE31EC-F3D8-47D7-BF97-19A2A0892572}.Debug|Any CPU.ActiveCfg = Debug|Any CPU
		{B4BE31EC-F3D8-47D7-BF97-19A2A0892572}.Debug|Any CPU.Build.0 = Debug|Any CPU
		{B4BE31EC-F3D8-47D7-BF97-19A2A0892572}.Debug|x64.ActiveCfg = Debug|Any CPU
		{B4BE31EC-F3D8-47D7-BF97-19A2A0892572}.Debug|x64.Build.0 = Debug|Any CPU
		{B4BE31EC-F3D8-47D7-BF97-19A2A0892572}.Debug|x86.ActiveCfg = Debug|Any CPU
		{B4BE31EC-F3D8-47D7-BF97-19A2A0892572}.Debug|x86.Build.0 = Debug|Any CPU
		{B4BE31EC-F3D8-47D7-BF97-19A2A0892572}.Release|Any CPU.ActiveCfg = Release|Any CPU
		{B4BE31EC-F3D8-47D7-BF97-19A2A0892572}.Release|Any CPU.Build.0 = Release|Any CPU
		{B4BE31EC-F3D8-47D7-BF97-19A2A0892572}.Release|x64.ActiveCfg = Release|Any CPU
		{B4BE31EC-F3D8-47D7-BF97-19A2A0892572}.Release|x64.Build.0 = Release|Any CPU
		{B4BE31EC-F3D8-47D7-BF97-19A2A0892572}.Release|x86.ActiveCfg = Release|Any CPU
		{B4BE31EC-F3D8-47D7-BF97-19A2A0892572}.Release|x86.Build.0 = Release|Any CPU
		{3601DFB8-C9D0-4638-AE2C-2E650B3A0407}.Debug|Any CPU.ActiveCfg = Debug|Any CPU
		{3601DFB8-C9D0-4638-AE2C-2E650B3A0407}.Debug|Any CPU.Build.0 = Debug|Any CPU
		{3601DFB8-C9D0-4638-AE2C-2E650B3A0407}.Debug|x64.ActiveCfg = Debug|Any CPU
		{3601DFB8-C9D0-4638-AE2C-2E650B3A0407}.Debug|x64.Build.0 = Debug|Any CPU
		{3601DFB8-C9D0-4638-AE2C-2E650B3A0407}.Debug|x86.ActiveCfg = Debug|Any CPU
		{3601DFB8-C9D0-4638-AE2C-2E650B3A0407}.Debug|x86.Build.0 = Debug|Any CPU
		{3601DFB8-C9D0-4638-AE2C-2E650B3A0407}.Release|Any CPU.ActiveCfg = Release|Any CPU
		{3601DFB8-C9D0-4638-AE2C-2E650B3A0407}.Release|Any CPU.Build.0 = Release|Any CPU
		{3601DFB8-C9D0-4638-AE2C-2E650B3A0407}.Release|x64.ActiveCfg = Release|Any CPU
		{3601DFB8-C9D0-4638-AE2C-2E650B3A0407}.Release|x64.Build.0 = Release|Any CPU
		{3601DFB8-C9D0-4638-AE2C-2E650B3A0407}.Release|x86.ActiveCfg = Release|Any CPU
		{3601DFB8-C9D0-4638-AE2C-2E650B3A0407}.Release|x86.Build.0 = Release|Any CPU
		{1D01E39B-AEED-40C5-B38F-81FBD34BE889}.Debug|Any CPU.ActiveCfg = Debug|Any CPU
		{1D01E39B-AEED-40C5-B38F-81FBD34BE889}.Debug|Any CPU.Build.0 = Debug|Any CPU
		{1D01E39B-AEED-40C5-B38F-81FBD34BE889}.Debug|x64.ActiveCfg = Debug|Any CPU
		{1D01E39B-AEED-40C5-B38F-81FBD34BE889}.Debug|x64.Build.0 = Debug|Any CPU
		{1D01E39B-AEED-40C5-B38F-81FBD34BE889}.Debug|x86.ActiveCfg = Debug|Any CPU
		{1D01E39B-AEED-40C5-B38F-81FBD34BE889}.Debug|x86.Build.0 = Debug|Any CPU
		{1D01E39B-AEED-40C5-B38F-81FBD34BE889}.Release|Any CPU.ActiveCfg = Release|Any CPU
		{1D01E39B-AEED-40C5-B38F-81FBD34BE889}.Release|Any CPU.Build.0 = Release|Any CPU
		{1D01E39B-AEED-40C5-B38F-81FBD34BE889}.Release|x64.ActiveCfg = Release|Any CPU
		{1D01E39B-AEED-40C5-B38F-81FBD34BE889}.Release|x64.Build.0 = Release|Any CPU
		{1D01E39B-AEED-40C5-B38F-81FBD34BE889}.Release|x86.ActiveCfg = Release|Any CPU
		{1D01E39B-AEED-40C5-B38F-81FBD34BE889}.Release|x86.Build.0 = Release|Any CPU
		{CDEFCA46-9691-48FF-96B9-4AE79B26A356}.Debug|Any CPU.ActiveCfg = Debug|Any CPU
		{CDEFCA46-9691-48FF-96B9-4AE79B26A356}.Debug|Any CPU.Build.0 = Debug|Any CPU
		{CDEFCA46-9691-48FF-96B9-4AE79B26A356}.Debug|x64.ActiveCfg = Debug|Any CPU
		{CDEFCA46-9691-48FF-96B9-4AE79B26A356}.Debug|x64.Build.0 = Debug|Any CPU
		{CDEFCA46-9691-48FF-96B9-4AE79B26A356}.Debug|x86.ActiveCfg = Debug|Any CPU
		{CDEFCA46-9691-48FF-96B9-4AE79B26A356}.Debug|x86.Build.0 = Debug|Any CPU
		{CDEFCA46-9691-48FF-96B9-4AE79B26A356}.Release|Any CPU.ActiveCfg = Release|Any CPU
		{CDEFCA46-9691-48FF-96B9-4AE79B26A356}.Release|Any CPU.Build.0 = Release|Any CPU
		{CDEFCA46-9691-48FF-96B9-4AE79B26A356}.Release|x64.ActiveCfg = Release|Any CPU
		{CDEFCA46-9691-48FF-96B9-4AE79B26A356}.Release|x64.Build.0 = Release|Any CPU
		{CDEFCA46-9691-48FF-96B9-4AE79B26A356}.Release|x86.ActiveCfg = Release|Any CPU
		{CDEFCA46-9691-48FF-96B9-4AE79B26A356}.Release|x86.Build.0 = Release|Any CPU
	EndGlobalSection
	GlobalSection(NestedProjects) = preSolution
		{E7F31AC9-1D9E-4358-AC48-2BECD1B3C73A} = {97BF940C-A7EA-4CB1-8786-168CA4708F8F}
		{21C088E6-3CFD-479D-AFDE-A6792E83399F} = {97BF940C-A7EA-4CB1-8786-168CA4708F8F}
		{9C498372-50A4-4C06-A465-2C8ECF7A1396} = {97BF940C-A7EA-4CB1-8786-168CA4708F8F}
		{B5A6F907-FDE1-4E90-9165-456EA4FC1372} = {97BF940C-A7EA-4CB1-8786-168CA4708F8F}
		{B4BE31EC-F3D8-47D7-BF97-19A2A0892572} = {97BF940C-A7EA-4CB1-8786-168CA4708F8F}
		{3601DFB8-C9D0-4638-AE2C-2E650B3A0407} = {97BF940C-A7EA-4CB1-8786-168CA4708F8F}
		{1D01E39B-AEED-40C5-B38F-81FBD34BE889} = {97BF940C-A7EA-4CB1-8786-168CA4708F8F}
		{CDEFCA46-9691-48FF-96B9-4AE79B26A356} = {97BF940C-A7EA-4CB1-8786-168CA4708F8F}
	EndGlobalSection
EndGlobal
